# This file is autogenerated, do not edit; changes may be undone by the next 'dep ensure'.


[[projects]]
  digest = "1:72336e49d62474b518288a5584d7d71d72765ca7fd40febc0e9b0d4c15b3cff8"
  name = "github.com/aws/aws-sdk-go"
  packages = [
    "aws",
    "aws/awserr",
    "aws/awsutil",
    "aws/client",
    "aws/client/metadata",
    "aws/corehandlers",
    "aws/credentials",
    "aws/credentials/ec2rolecreds",
    "aws/credentials/endpointcreds",
    "aws/credentials/processcreds",
    "aws/credentials/stscreds",
    "aws/csm",
    "aws/defaults",
    "aws/ec2metadata",
    "aws/endpoints",
    "aws/request",
    "aws/session",
    "aws/signer/v4",
    "internal/ini",
    "internal/sdkio",
    "internal/sdkrand",
    "internal/sdkuri",
    "internal/shareddefaults",
    "private/protocol",
    "private/protocol/json/jsonutil",
    "private/protocol/query",
    "private/protocol/query/queryutil",
    "private/protocol/rest",
    "private/protocol/xml/xmlutil",
    "service/sqs",
    "service/sts",
    "service/sts/stsiface",
  ]
  pruneopts = "UT"
  revision = "95d69e28d7d16140dab16d0ef59fff5587e5624f"
  version = "v1.23.5"

[[projects]]
  digest = "1:bb81097a5b62634f3e9fec1014657855610c82d19b9a40c17612e32651e35dca"
  name = "github.com/jmespath/go-jmespath"
  packages = ["."]
  pruneopts = "UT"
  revision = "c2b33e84"

[[projects]]
  digest = "1:dedf87e9d874cfce2390c47e49ff2a2187894ed3f6c78ea055995083ec78122b"
  name = "github.com/openzipkin/zipkin-go"
  packages = [
    "idgenerator",
    "model",
    "reporter",
  ]
  pruneopts = "UT"
  revision = "1277a5f30075b9c13d37775aed4f0f3b44d1a710"
  version = "v0.2.0"

[[projects]]
  branch = "master"
  digest = "1:267844804416a11470a2fbf68549b98959e22d77e0921e2349276958477f08a3"
  name = "github.com/rcrowley/go-metrics"
  packages = ["."]
  pruneopts = "UT"
  revision = "9beb055b7962d16947a14e1cd718098a2431e20e"

[solve-meta]
  analyzer-name = "dep"
  analyzer-version = 1
  input-imports = [
    "github.com/aws/aws-sdk-go/aws",
    "github.com/aws/aws-sdk-go/aws/session",
    "github.com/aws/aws-sdk-go/service/sqs",
    "github.com/openzipkin/zipkin-go/idgenerator",
    "github.com/openzipkin/zipkin-go/model",
    "github.com/openzipkin/zipkin-go/reporter",
    "github.com/rcrowley/go-metrics",
  ]
  solver-name = "gps-cdcl"
  solver-version = 1
